symfony 6a25df0ebf92074bf541fc7ca53d9fcd27981c3d
twig 396435ecd05556adb0a8bd05b14641cb4f8a8aa5
monolog 20066e28117769ee38fbe974042e975172007a23
doctrine-common 174111c8d245d560e1af4c7455b730347f85686d
doctrine-dbal edc628f7e7fa5a116b9b41838e7955c03f7af2e0
doctrine-fixtures 76f8221609129651937f52553f3e1b2bd915fd3e
doctrine 05d12e20be58ab4d5fa403c5bd6ac06d1fce97e5
swiftmailer 8c3165691e36302405926abbae7526549db8b899
assetic f829ad23d23c87480151a21faad49fefe7c09e5d
twig-extensions eba4f5d572bec05c72a47bbd73ba0a3330cf8f54
metadata 8717ad2a5689480765d9ffafe925cd8a2457e582
AsseticBundle 41b5913b5086a0909af92adcb4a6005ee0051b16
DoctrineFixturesBundle a66be2f077f3a4e5c3801b356b42b8782f1abbd6
AvalancheImagineBundle 1b7d587ba84a0d3505493acc9608a47aa203632f
Imagine 53055946c3c3977618ba2d1f96c6179025d5d643