symfony 061ce6d833eeb25f2f2029af8ef0644d87abeea6
twig 661e9c7ad2820e881c93474f2fbcbe2661fd1970
monolog 20066e28117769ee38fbe974042e975172007a23
doctrine-common 40f1bf16e84ddc5291a6a63aa00b9879c40e3500
doctrine-dbal 0127ee98a4301f2f6e3463c824adc3a3687f901f
doctrine-fixtures 4a8464ef83093de2378cef2770e13da7e4858ffc
doctrine dfdb7353065407afc997956e23f3a44ec3effd72
swiftmailer c53c8c1ab88c78c463ba65086d93d00193957e94
assetic 3333d371c4511abcdec7bad86e15ac2be3b10f03
twig-extensions 6b0cc16934b6e62ef07c8d2e59f9f13ff3193d3d
metadata 72f11b8ed7725f76a6bcb41d94dc25190b5283f8
AsseticBundle 9c1b7269a4517d1ae94af2dc0d6d6fc4b31e6c10
DoctrineFixturesBundle d0d6a6e4fbbea44ab1ab7d4a107b7818d9562010