symfony 0ab776227a0d6586c9f1be379926acaa94f64a01
twig f43cc520d6abb3868d36a3011874afbf13166317
monolog b704c49a3051536f67f2d39f13568f74615b9922
doctrine-common b886898821288d305862ee9c567cc5b5cbb4c0dc
doctrine-dbal 148a049df448af9772259e69a034e51c0c080805
doctrine-fixtures 76f8221609129651937f52553f3e1b2bd915fd3e
doctrine 144d0de0ab61dffc738d7fb590cff8d77919f553
swiftmailer 982b4c9498b7dd85e70f6d35e65d909c888e6345
assetic f829ad23d23c87480151a21faad49fefe7c09e5d
twig-extensions 446d870272cd87a720e95242eade38a2acf56eaa
metadata 8717ad2a5689480765d9ffafe925cd8a2457e582
imagine 0b237f6ef5e4fca0ab246ffe429e5a8c9dcb80f0
AsseticBundle 41b5913b5086a0909af92adcb4a6005ee0051b16
DoctrineFixturesBundle a66be2f077f3a4e5c3801b356b42b8782f1abbd6
AvalancheImagineBundle 29c5338cc9c7177d71dd51e8c3ab9652479e6ff4